
Microsoft Visual Studio Solution File, Format Version 11.00
# Visual Studio 2010
Project("{FAE04EC0-301F-11D3-BF4B-00C04F79EFBC}") = "QuickBloxSDK-Silverlight", "QuickBloxSDK-Silverlight\QuickBloxSDK-Silverlight.csproj", "{8B092C69-5DBD-40CB-BC6C-EF0340A58E77}"
EndProject
Global
	GlobalSection(TeamFoundationVersionControl) = preSolution
		SccNumberOfProjects = 2
		SccEnterpriseProvider = {4CA58AB2-18FA-4F8D-95D4-32DDF27D184C}
		SccTeamFoundationServer = http://192.168.0.1:8080/tfs/quickblox
		SccLocalPath0 = .
		SccProjectUniqueName1 = QuickBloxSDK-Silverlight\\QuickBloxSDK-Silverlight.csproj
		SccProjectName1 = QuickBloxSDK-Silverlight
		SccLocalPath1 = QuickBloxSDK-Silverlight
	EndGlobalSection
	GlobalSection(SolutionConfigurationPlatforms) = preSolution
		Debug|Any CPU = Debug|Any CPU
		Release|Any CPU = Release|Any CPU
	EndGlobalSection
	GlobalSection(ProjectConfigurationPlatforms) = postSolution
		{8B092C69-5DBD-40CB-BC6C-EF0340A58E77}.Debug|Any CPU.ActiveCfg = Debug|Any CPU
		{8B092C69-5DBD-40CB-BC6C-EF0340A58E77}.Debug|Any CPU.Build.0 = Debug|Any CPU
		{8B092C69-5DBD-40CB-BC6C-EF0340A58E77}.Release|Any CPU.ActiveCfg = Release|Any CPU
		{8B092C69-5DBD-40CB-BC6C-EF0340A58E77}.Release|Any CPU.Build.0 = Release|Any CPU
	EndGlobalSection
	GlobalSection(SolutionProperties) = preSolution
		HideSolutionNode = FALSE
	EndGlobalSection
EndGlobal
